
Microsoft Visual Studio Solution File, Format Version 12.00
# Visual Studio Version 16
VisualStudioVersion = 16.0.31005.135
MinimumVisualStudioVersion = 10.0.40219.1
Project("{9A19103F-16F7-4668-BE54-9A1E7A4F7556}") = "Import", "Import\Import.csproj", "{C2B56FD3-8BC6-4311-93A5-D56E1E5D9BC4}"
EndProject
Project("{9A19103F-16F7-4668-BE54-9A1E7A4F7556}") = "Logistics", "Logistics\Logistics.csproj", "{8DBC01D5-7F6D-45F2-AC88-A6087BC869EA}"
EndProject
Project("{2150E333-8FDC-42A3-9474-1A3956D46DE8}") = "Solution Items", "Solution Items", "{E8050CA9-E6F0-44B4-B01F-4F09BBD4E07B}"
EndProject
Project("{9A19103F-16F7-4668-BE54-9A1E7A4F7556}") = "Warehouse", "Warehouse\Warehouse.csproj", "{E49A1AEB-B6D3-46D5-BC00-04E16EB173B3}"
EndProject
Project("{9A19103F-16F7-4668-BE54-9A1E7A4F7556}") = "Market", "Market\Market.csproj", "{7279C1C4-B4AE-4095-8419-4D3621E72DC6}"
EndProject
Project("{9A19103F-16F7-4668-BE54-9A1E7A4F7556}") = "WarehouseInLogistics", "WarehouseInLogistics\WarehouseInLogistics.csproj", "{E3C3AC96-716C-4046-A9C3-C17EA2822DDF}"
EndProject
Project("{9A19103F-16F7-4668-BE54-9A1E7A4F7556}") = "Coupang", "Coupang\Coupang.csproj", "{28EAD4AA-342E-4F76-BE0B-DCCA8EF722AC}"
EndProject
Project("{9A19103F-16F7-4668-BE54-9A1E7A4F7556}") = "APIServerofLogisticsCenter", "APIServerofLogisticsCenter\APIServerofLogisticsCenter.csproj", "{90B023F6-8C07-48BB-BD04-7C02D1FC8405}"
EndProject
Project("{9A19103F-16F7-4668-BE54-9A1E7A4F7556}") = "APIServerofMarket", "APIServerofMarket\APIServerofMarket.csproj", "{F0C632B6-6315-45E8-B9E4-5D36394766DE}"
EndProject
Project("{9A19103F-16F7-4668-BE54-9A1E7A4F7556}") = "APIServerofTrade", "APIServerofTrade\APIServerofTrade.csproj", "{00B93F37-A3D9-44E8-8209-83E3AF53DF88}"
EndProject
Project("{FAE04EC0-301F-11D3-BF4B-00C04F79EFBC}") = "Trade", "Trade\Trade.csproj", "{C90C5404-4D9C-408D-9FE7-801EC94C46E6}"
EndProject
Global
	GlobalSection(SolutionConfigurationPlatforms) = preSolution
		Debug|Any CPU = Debug|Any CPU
		Release|Any CPU = Release|Any CPU
	EndGlobalSection
	GlobalSection(ProjectConfigurationPlatforms) = postSolution
		{C2B56FD3-8BC6-4311-93A5-D56E1E5D9BC4}.Debug|Any CPU.ActiveCfg = Debug|Any CPU
		{C2B56FD3-8BC6-4311-93A5-D56E1E5D9BC4}.Debug|Any CPU.Build.0 = Debug|Any CPU
		{C2B56FD3-8BC6-4311-93A5-D56E1E5D9BC4}.Release|Any CPU.ActiveCfg = Release|Any CPU
		{C2B56FD3-8BC6-4311-93A5-D56E1E5D9BC4}.Release|Any CPU.Build.0 = Release|Any CPU
		{8DBC01D5-7F6D-45F2-AC88-A6087BC869EA}.Debug|Any CPU.ActiveCfg = Debug|Any CPU
		{8DBC01D5-7F6D-45F2-AC88-A6087BC869EA}.Debug|Any CPU.Build.0 = Debug|Any CPU
		{8DBC01D5-7F6D-45F2-AC88-A6087BC869EA}.Release|Any CPU.ActiveCfg = Release|Any CPU
		{8DBC01D5-7F6D-45F2-AC88-A6087BC869EA}.Release|Any CPU.Build.0 = Release|Any CPU
		{E49A1AEB-B6D3-46D5-BC00-04E16EB173B3}.Debug|Any CPU.ActiveCfg = Debug|Any CPU
		{E49A1AEB-B6D3-46D5-BC00-04E16EB173B3}.Debug|Any CPU.Build.0 = Debug|Any CPU
		{E49A1AEB-B6D3-46D5-BC00-04E16EB173B3}.Release|Any CPU.ActiveCfg = Release|Any CPU
		{E49A1AEB-B6D3-46D5-BC00-04E16EB173B3}.Release|Any CPU.Build.0 = Release|Any CPU
		{7279C1C4-B4AE-4095-8419-4D3621E72DC6}.Debug|Any CPU.ActiveCfg = Debug|Any CPU
		{7279C1C4-B4AE-4095-8419-4D3621E72DC6}.Debug|Any CPU.Build.0 = Debug|Any CPU
		{7279C1C4-B4AE-4095-8419-4D3621E72DC6}.Release|Any CPU.ActiveCfg = Release|Any CPU
		{7279C1C4-B4AE-4095-8419-4D3621E72DC6}.Release|Any CPU.Build.0 = Release|Any CPU
		{E3C3AC96-716C-4046-A9C3-C17EA2822DDF}.Debug|Any CPU.ActiveCfg = Debug|Any CPU
		{E3C3AC96-716C-4046-A9C3-C17EA2822DDF}.Debug|Any CPU.Build.0 = Debug|Any CPU
		{E3C3AC96-716C-4046-A9C3-C17EA2822DDF}.Release|Any CPU.ActiveCfg = Release|Any CPU
		{E3C3AC96-716C-4046-A9C3-C17EA2822DDF}.Release|Any CPU.Build.0 = Release|Any CPU
		{28EAD4AA-342E-4F76-BE0B-DCCA8EF722AC}.Debug|Any CPU.ActiveCfg = Debug|Any CPU
		{28EAD4AA-342E-4F76-BE0B-DCCA8EF722AC}.Debug|Any CPU.Build.0 = Debug|Any CPU
		{28EAD4AA-342E-4F76-BE0B-DCCA8EF722AC}.Release|Any CPU.ActiveCfg = Release|Any CPU
		{28EAD4AA-342E-4F76-BE0B-DCCA8EF722AC}.Release|Any CPU.Build.0 = Release|Any CPU
		{90B023F6-8C07-48BB-BD04-7C02D1FC8405}.Debug|Any CPU.ActiveCfg = Debug|Any CPU
		{90B023F6-8C07-48BB-BD04-7C02D1FC8405}.Debug|Any CPU.Build.0 = Debug|Any CPU
		{90B023F6-8C07-48BB-BD04-7C02D1FC8405}.Release|Any CPU.ActiveCfg = Release|Any CPU
		{90B023F6-8C07-48BB-BD04-7C02D1FC8405}.Release|Any CPU.Build.0 = Release|Any CPU
		{F0C632B6-6315-45E8-B9E4-5D36394766DE}.Debug|Any CPU.ActiveCfg = Debug|Any CPU
		{F0C632B6-6315-45E8-B9E4-5D36394766DE}.Debug|Any CPU.Build.0 = Debug|Any CPU
		{F0C632B6-6315-45E8-B9E4-5D36394766DE}.Release|Any CPU.ActiveCfg = Release|Any CPU
		{F0C632B6-6315-45E8-B9E4-5D36394766DE}.Release|Any CPU.Build.0 = Release|Any CPU
		{00B93F37-A3D9-44E8-8209-83E3AF53DF88}.Debug|Any CPU.ActiveCfg = Debug|Any CPU
		{00B93F37-A3D9-44E8-8209-83E3AF53DF88}.Debug|Any CPU.Build.0 = Debug|Any CPU
		{00B93F37-A3D9-44E8-8209-83E3AF53DF88}.Release|Any CPU.ActiveCfg = Release|Any CPU
		{00B93F37-A3D9-44E8-8209-83E3AF53DF88}.Release|Any CPU.Build.0 = Release|Any CPU
		{C90C5404-4D9C-408D-9FE7-801EC94C46E6}.Debug|Any CPU.ActiveCfg = Debug|Any CPU
		{C90C5404-4D9C-408D-9FE7-801EC94C46E6}.Debug|Any CPU.Build.0 = Debug|Any CPU
		{C90C5404-4D9C-408D-9FE7-801EC94C46E6}.Release|Any CPU.ActiveCfg = Release|Any CPU
		{C90C5404-4D9C-408D-9FE7-801EC94C46E6}.Release|Any CPU.Build.0 = Release|Any CPU
	EndGlobalSection
	GlobalSection(SolutionProperties) = preSolution
		HideSolutionNode = FALSE
	EndGlobalSection
	GlobalSection(ExtensibilityGlobals) = postSolution
		SolutionGuid = {195F1207-52F0-4535-933D-A31A3D7245D0}
	EndGlobalSection
EndGlobal
