
Microsoft Visual Studio Solution File, Format Version 12.00
# Visual Studio Version 16
VisualStudioVersion = 16.0.31005.135
MinimumVisualStudioVersion = 10.0.40219.1
Project("{FAE04EC0-301F-11D3-BF4B-00C04F79EFBC}") = "AI", "AI\AI.csproj", "{F66A3ADD-30E4-46E8-A416-19D831FDC3BB}"
EndProject
Global
	GlobalSection(SolutionConfigurationPlatforms) = preSolution
		Debug|Any CPU = Debug|Any CPU
		Release|Any CPU = Release|Any CPU
	EndGlobalSection
	GlobalSection(ProjectConfigurationPlatforms) = postSolution
		{F66A3ADD-30E4-46E8-A416-19D831FDC3BB}.Debug|Any CPU.ActiveCfg = Debug|Any CPU
		{F66A3ADD-30E4-46E8-A416-19D831FDC3BB}.Debug|Any CPU.Build.0 = Debug|Any CPU
		{F66A3ADD-30E4-46E8-A416-19D831FDC3BB}.Release|Any CPU.ActiveCfg = Release|Any CPU
		{F66A3ADD-30E4-46E8-A416-19D831FDC3BB}.Release|Any CPU.Build.0 = Release|Any CPU
	EndGlobalSection
	GlobalSection(SolutionProperties) = preSolution
		HideSolutionNode = FALSE
	EndGlobalSection
	GlobalSection(ExtensibilityGlobals) = postSolution
		SolutionGuid = {0AF8AFF4-1E8F-4A37-8A53-7C076D71D5DF}
	EndGlobalSection
EndGlobal
